// !$*UTF8*$!
{
	archiveVersion = 1;
	classes = {};
	objectVersion = 77;
	objects = {

/* Begin PBXBuildFile section */
		B10000000000000000000008 /* at-logo.png in Resources */ = {isa = PBXBuildFile; fileRef = B10000000000000000000003 /* at-logo.png */; };
/* End PBXBuildFile section */

/* Begin PBXContainerItemProxy section */
		B1000000000000000000000F /* PBXContainerItemProxy */ = {
			isa = PBXContainerItemProxy;
			containerPortal = B10000000000000000000013 /* Project object */;
			proxyType = 1;
			remoteGlobalIDString = B10000000000000000000011;
			remoteInfo = AlphaTradeStatus;
		};
		B2000000000000000000000B /* PBXContainerItemProxy */ = {
			isa = PBXContainerItemProxy;
			containerPortal = B10000000000000000000013 /* Project object */;
			proxyType = 1;
			remoteGlobalIDString = B10000000000000000000011;
			remoteInfo = AlphaTradeStatus;
		};
/* End PBXContainerItemProxy section */

/* Begin PBXFileReference section */
		B10000000000000000000003 /* at-logo.png */ = {isa = PBXFileReference; lastKnownFileType = image.png; path = "../../mockups/menubar-companion/at-logo.png"; sourceTree = "<group>"; };
		B10000000000000000000006 /* AlphaTradeStatus.app */ = {isa = PBXFileReference; explicitFileType = wrapper.application; includeInIndex = 0; path = AlphaTradeStatus.app; sourceTree = BUILT_PRODUCTS_DIR; };
		B10000000000000000000007 /* AlphaTradeStatusTests.xctest */ = {isa = PBXFileReference; explicitFileType = wrapper.cfbundle; includeInIndex = 0; path = AlphaTradeStatusTests.xctest; sourceTree = BUILT_PRODUCTS_DIR; };
		B20000000000000000000001 /* AlphaTradeStatusUITests.xctest */ = {isa = PBXFileReference; explicitFileType = wrapper.cfbundle; includeInIndex = 0; path = AlphaTradeStatusUITests.xctest; sourceTree = BUILT_PRODUCTS_DIR; };
/* End PBXFileReference section */

/* Begin PBXFileSystemSynchronizedRootGroup section */
		B10000000000000000000001 /* AlphaTradeStatus */ = {
			isa = PBXFileSystemSynchronizedRootGroup;
			path = AlphaTradeStatus;
			sourceTree = "<group>";
		};
		B10000000000000000000002 /* AlphaTradeStatusTests */ = {
			isa = PBXFileSystemSynchronizedRootGroup;
			path = AlphaTradeStatusTests;
			sourceTree = "<group>";
		};
		B20000000000000000000002 /* AlphaTradeStatusUITests */ = {
			isa = PBXFileSystemSynchronizedRootGroup;
			path = AlphaTradeStatusUITests;
			sourceTree = "<group>";
		};
/* End PBXFileSystemSynchronizedRootGroup section */

/* Begin PBXFrameworksBuildPhase section */
		B1000000000000000000000A /* Frameworks */ = {
			isa = PBXFrameworksBuildPhase;
			buildActionMask = 2147483647;
			files = ();
			runOnlyForDeploymentPostprocessing = 0;
		};
		B1000000000000000000000D /* Frameworks */ = {
			isa = PBXFrameworksBuildPhase;
			buildActionMask = 2147483647;
			files = ();
			runOnlyForDeploymentPostprocessing = 0;
		};
		B20000000000000000000003 /* Frameworks */ = {
			isa = PBXFrameworksBuildPhase;
			buildActionMask = 2147483647;
			files = ();
			runOnlyForDeploymentPostprocessing = 0;
		};
/* End PBXFrameworksBuildPhase section */

/* Begin PBXGroup section */
		B10000000000000000000004 /* Products */ = {
			isa = PBXGroup;
			children = (
				B10000000000000000000006 /* AlphaTradeStatus.app */,
				B10000000000000000000007 /* AlphaTradeStatusTests.xctest */,
				B20000000000000000000001 /* AlphaTradeStatusUITests.xctest */,
			);
			name = Products;
			sourceTree = "<group>";
		};
		B10000000000000000000005 = {
			isa = PBXGroup;
			children = (
				B10000000000000000000001 /* AlphaTradeStatus */,
				B10000000000000000000002 /* AlphaTradeStatusTests */,
				B20000000000000000000002 /* AlphaTradeStatusUITests */,
				B10000000000000000000003 /* at-logo.png */,
				B10000000000000000000004 /* Products */,
			);
			sourceTree = "<group>";
		};
/* End PBXGroup section */

/* Begin PBXNativeTarget section */
		B10000000000000000000011 /* AlphaTradeStatus */ = {
			isa = PBXNativeTarget;
			buildConfigurationList = B10000000000000000000014 /* Build configuration list for PBXNativeTarget "AlphaTradeStatus" */;
			buildPhases = (
				B10000000000000000000009 /* Sources */,
				B1000000000000000000000A /* Frameworks */,
				B1000000000000000000000B /* Resources */,
			);
			buildRules = ();
			dependencies = ();
			fileSystemSynchronizedGroups = (
				B10000000000000000000001 /* AlphaTradeStatus */,
			);
			name = AlphaTradeStatus;
			packageProductDependencies = ();
			productName = AlphaTradeStatus;
			productReference = B10000000000000000000006 /* AlphaTradeStatus.app */;
			productType = "com.apple.product-type.application";
		};
		B10000000000000000000012 /* AlphaTradeStatusTests */ = {
			isa = PBXNativeTarget;
			buildConfigurationList = B10000000000000000000015 /* Build configuration list for PBXNativeTarget "AlphaTradeStatusTests" */;
			buildPhases = (
				B1000000000000000000000C /* Sources */,
				B1000000000000000000000D /* Frameworks */,
				B1000000000000000000000E /* Resources */,
			);
			buildRules = ();
			dependencies = (
				B10000000000000000000010 /* PBXTargetDependency */,
			);
			fileSystemSynchronizedGroups = (
				B10000000000000000000002 /* AlphaTradeStatusTests */,
			);
			name = AlphaTradeStatusTests;
			packageProductDependencies = ();
			productName = AlphaTradeStatusTests;
			productReference = B10000000000000000000007 /* AlphaTradeStatusTests.xctest */;
			productType = "com.apple.product-type.bundle.unit-test";
		};
		B20000000000000000000006 /* AlphaTradeStatusUITests */ = {
			isa = PBXNativeTarget;
			buildConfigurationList = B20000000000000000000007 /* Build configuration list for PBXNativeTarget "AlphaTradeStatusUITests" */;
			buildPhases = (
				B20000000000000000000004 /* Sources */,
				B20000000000000000000003 /* Frameworks */,
				B20000000000000000000005 /* Resources */,
			);
			buildRules = ();
			dependencies = (
				B2000000000000000000000A /* PBXTargetDependency */,
			);
			fileSystemSynchronizedGroups = (
				B20000000000000000000002 /* AlphaTradeStatusUITests */,
			);
			name = AlphaTradeStatusUITests;
			packageProductDependencies = ();
			productName = AlphaTradeStatusUITests;
			productReference = B20000000000000000000001 /* AlphaTradeStatusUITests.xctest */;
			productType = "com.apple.product-type.bundle.ui-testing";
		};
/* End PBXNativeTarget section */

/* Begin PBXProject section */
		B10000000000000000000013 /* Project object */ = {
			isa = PBXProject;
			attributes = {
				BuildIndependentTargetsInParallel = 1;
				LastSwiftUpdateCheck = 2660;
				LastUpgradeCheck = 2660;
				TargetAttributes = {
					B10000000000000000000011 = {
						CreatedOnToolsVersion = 26.6;
					};
					B10000000000000000000012 = {
						CreatedOnToolsVersion = 26.6;
						TestTargetID = B10000000000000000000011;
					};
					B20000000000000000000006 = {
						CreatedOnToolsVersion = 26.6;
						TestTargetID = B10000000000000000000011;
					};
				};
			};
			buildConfigurationList = B10000000000000000000016 /* Build configuration list for PBXProject "AlphaTradeStatus" */;
			developmentRegion = cs;
			hasScannedForEncodings = 0;
			knownRegions = (
				cs,
				en,
				Base,
			);
			mainGroup = B10000000000000000000005;
			minimizedProjectReferenceProxies = 1;
			preferredProjectObjectVersion = 77;
			productRefGroup = B10000000000000000000004 /* Products */;
			projectDirPath = "";
			projectRoot = "";
			targets = (
				B10000000000000000000011 /* AlphaTradeStatus */,
				B10000000000000000000012 /* AlphaTradeStatusTests */,
				B20000000000000000000006 /* AlphaTradeStatusUITests */,
			);
		};
/* End PBXProject section */

/* Begin PBXResourcesBuildPhase section */
		B1000000000000000000000B /* Resources */ = {
			isa = PBXResourcesBuildPhase;
			buildActionMask = 2147483647;
			files = (
				B10000000000000000000008 /* at-logo.png in Resources */,
			);
			runOnlyForDeploymentPostprocessing = 0;
		};
		B1000000000000000000000E /* Resources */ = {
			isa = PBXResourcesBuildPhase;
			buildActionMask = 2147483647;
			files = ();
			runOnlyForDeploymentPostprocessing = 0;
		};
		B20000000000000000000005 /* Resources */ = {
			isa = PBXResourcesBuildPhase;
			buildActionMask = 2147483647;
			files = ();
			runOnlyForDeploymentPostprocessing = 0;
		};
/* End PBXResourcesBuildPhase section */

/* Begin PBXSourcesBuildPhase section */
		B10000000000000000000009 /* Sources */ = {
			isa = PBXSourcesBuildPhase;
			buildActionMask = 2147483647;
			files = ();
			runOnlyForDeploymentPostprocessing = 0;
		};
		B1000000000000000000000C /* Sources */ = {
			isa = PBXSourcesBuildPhase;
			buildActionMask = 2147483647;
			files = ();
			runOnlyForDeploymentPostprocessing = 0;
		};
		B20000000000000000000004 /* Sources */ = {
			isa = PBXSourcesBuildPhase;
			buildActionMask = 2147483647;
			files = ();
			runOnlyForDeploymentPostprocessing = 0;
		};
/* End PBXSourcesBuildPhase section */

/* Begin PBXTargetDependency section */
		B10000000000000000000010 /* PBXTargetDependency */ = {
			isa = PBXTargetDependency;
			target = B10000000000000000000011 /* AlphaTradeStatus */;
			targetProxy = B1000000000000000000000F /* PBXContainerItemProxy */;
		};
		B2000000000000000000000A /* PBXTargetDependency */ = {
			isa = PBXTargetDependency;
			target = B10000000000000000000011 /* AlphaTradeStatus */;
			targetProxy = B2000000000000000000000B /* PBXContainerItemProxy */;
		};
/* End PBXTargetDependency section */

/* Begin XCBuildConfiguration section */
		B10000000000000000000017 /* Debug */ = {
			isa = XCBuildConfiguration;
			buildSettings = {
				CODE_SIGN_ENTITLEMENTS = AlphaTradeStatus/AlphaTradeStatus.entitlements;
				CODE_SIGN_STYLE = Automatic;
				COMBINE_HIDPI_IMAGES = YES;
				CURRENT_PROJECT_VERSION = 13;
				ENABLE_APP_SANDBOX = YES;
				ENABLE_HARDENED_RUNTIME = YES;
				ENABLE_INCOMING_NETWORK_CONNECTIONS = NO;
				ENABLE_OUTGOING_NETWORK_CONNECTIONS = YES;
				GENERATE_INFOPLIST_FILE = YES;
				INFOPLIST_KEY_CFBundleDisplayName = "AlphaTrade Status";
				INFOPLIST_KEY_LSApplicationCategoryType = "public.app-category.finance";
				INFOPLIST_KEY_LSUIElement = YES;
				LD_RUNPATH_SEARCH_PATHS = (
					"$(inherited)",
					"@executable_path/../Frameworks",
				);
				MACOSX_DEPLOYMENT_TARGET = 13.0;
				MARKETING_VERSION = 0.2.0;
				PRODUCT_BUNDLE_IDENTIFIER = app.alphatrade.status;
				PRODUCT_NAME = "$(TARGET_NAME)";
				SDKROOT = macosx;
				SUPPORTED_PLATFORMS = macosx;
				SWIFT_EMIT_LOC_STRINGS = YES;
				SWIFT_VERSION = 5.0;
			};
			name = Debug;
		};
		B10000000000000000000018 /* Release */ = {
			isa = XCBuildConfiguration;
			buildSettings = {
				CODE_SIGN_ENTITLEMENTS = AlphaTradeStatus/AlphaTradeStatus.entitlements;
				CODE_SIGN_STYLE = Automatic;
				COMBINE_HIDPI_IMAGES = YES;
				CURRENT_PROJECT_VERSION = 13;
				ENABLE_APP_SANDBOX = YES;
				ENABLE_HARDENED_RUNTIME = YES;
				ENABLE_INCOMING_NETWORK_CONNECTIONS = NO;
				ENABLE_OUTGOING_NETWORK_CONNECTIONS = YES;
				GENERATE_INFOPLIST_FILE = YES;
				INFOPLIST_KEY_CFBundleDisplayName = "AlphaTrade Status";
				INFOPLIST_KEY_LSApplicationCategoryType = "public.app-category.finance";
				INFOPLIST_KEY_LSUIElement = YES;
				LD_RUNPATH_SEARCH_PATHS = (
					"$(inherited)",
					"@executable_path/../Frameworks",
				);
				MACOSX_DEPLOYMENT_TARGET = 13.0;
				MARKETING_VERSION = 0.2.0;
				PRODUCT_BUNDLE_IDENTIFIER = app.alphatrade.status;
				PRODUCT_NAME = "$(TARGET_NAME)";
				SDKROOT = macosx;
				SUPPORTED_PLATFORMS = macosx;
				SWIFT_COMPILATION_MODE = wholemodule;
				SWIFT_EMIT_LOC_STRINGS = YES;
				SWIFT_VERSION = 5.0;
			};
			name = Release;
		};
		B10000000000000000000019 /* Debug */ = {
			isa = XCBuildConfiguration;
			buildSettings = {
				BUNDLE_LOADER = "$(TEST_HOST)";
				CODE_SIGN_STYLE = Automatic;
				CURRENT_PROJECT_VERSION = 1;
				GENERATE_INFOPLIST_FILE = YES;
				MACOSX_DEPLOYMENT_TARGET = 13.0;
				MARKETING_VERSION = 0.1.0;
				PRODUCT_BUNDLE_IDENTIFIER = app.alphatrade.status.tests;
				PRODUCT_NAME = "$(TARGET_NAME)";
				SDKROOT = macosx;
				SUPPORTED_PLATFORMS = macosx;
				SWIFT_VERSION = 5.0;
				TEST_HOST = "$(BUILT_PRODUCTS_DIR)/AlphaTradeStatus.app/Contents/MacOS/AlphaTradeStatus";
			};
			name = Debug;
		};
		B1000000000000000000001A /* Release */ = {
			isa = XCBuildConfiguration;
			buildSettings = {
				BUNDLE_LOADER = "$(TEST_HOST)";
				CODE_SIGN_STYLE = Automatic;
				CURRENT_PROJECT_VERSION = 1;
				GENERATE_INFOPLIST_FILE = YES;
				MACOSX_DEPLOYMENT_TARGET = 13.0;
				MARKETING_VERSION = 0.1.0;
				PRODUCT_BUNDLE_IDENTIFIER = app.alphatrade.status.tests;
				PRODUCT_NAME = "$(TARGET_NAME)";
				SDKROOT = macosx;
				SUPPORTED_PLATFORMS = macosx;
				SWIFT_VERSION = 5.0;
				TEST_HOST = "$(BUILT_PRODUCTS_DIR)/AlphaTradeStatus.app/Contents/MacOS/AlphaTradeStatus";
			};
			name = Release;
		};
		B1000000000000000000001B /* Debug */ = {
			isa = XCBuildConfiguration;
			buildSettings = {
				ALWAYS_SEARCH_USER_PATHS = NO;
				CLANG_ENABLE_MODULES = YES;
				CLANG_ENABLE_OBJC_ARC = YES;
				COPY_PHASE_STRIP = NO;
				DEBUG_INFORMATION_FORMAT = dwarf;
				ENABLE_TESTABILITY = YES;
				GCC_C_LANGUAGE_STANDARD = gnu17;
				GCC_OPTIMIZATION_LEVEL = 0;
				MACOSX_DEPLOYMENT_TARGET = 13.0;
				ONLY_ACTIVE_ARCH = YES;
				SDKROOT = macosx;
				SWIFT_ACTIVE_COMPILATION_CONDITIONS = "DEBUG $(inherited)";
				SWIFT_OPTIMIZATION_LEVEL = "-Onone";
			};
			name = Debug;
		};
		B1000000000000000000001C /* Release */ = {
			isa = XCBuildConfiguration;
			buildSettings = {
				ALWAYS_SEARCH_USER_PATHS = NO;
				CLANG_ENABLE_MODULES = YES;
				CLANG_ENABLE_OBJC_ARC = YES;
				COPY_PHASE_STRIP = NO;
				DEBUG_INFORMATION_FORMAT = "dwarf-with-dsym";
				GCC_C_LANGUAGE_STANDARD = gnu17;
				MACOSX_DEPLOYMENT_TARGET = 13.0;
				SDKROOT = macosx;
				SWIFT_COMPILATION_MODE = wholemodule;
			};
			name = Release;
		};
		B20000000000000000000008 /* Debug */ = {
			isa = XCBuildConfiguration;
			buildSettings = {
				CODE_SIGN_STYLE = Automatic;
				CURRENT_PROJECT_VERSION = 1;
				GENERATE_INFOPLIST_FILE = YES;
				MACOSX_DEPLOYMENT_TARGET = 13.0;
				MARKETING_VERSION = 0.1.0;
				PRODUCT_BUNDLE_IDENTIFIER = app.alphatrade.status.uitests;
				PRODUCT_NAME = "$(TARGET_NAME)";
				SDKROOT = macosx;
				SUPPORTED_PLATFORMS = macosx;
				SWIFT_EMIT_LOC_STRINGS = NO;
				SWIFT_VERSION = 5.0;
				TEST_TARGET_NAME = AlphaTradeStatus;
			};
			name = Debug;
		};
		B20000000000000000000009 /* Release */ = {
			isa = XCBuildConfiguration;
			buildSettings = {
				CODE_SIGN_STYLE = Automatic;
				CURRENT_PROJECT_VERSION = 1;
				GENERATE_INFOPLIST_FILE = YES;
				MACOSX_DEPLOYMENT_TARGET = 13.0;
				MARKETING_VERSION = 0.1.0;
				PRODUCT_BUNDLE_IDENTIFIER = app.alphatrade.status.uitests;
				PRODUCT_NAME = "$(TARGET_NAME)";
				SDKROOT = macosx;
				SUPPORTED_PLATFORMS = macosx;
				SWIFT_EMIT_LOC_STRINGS = NO;
				SWIFT_VERSION = 5.0;
				TEST_TARGET_NAME = AlphaTradeStatus;
			};
			name = Release;
		};
/* End XCBuildConfiguration section */

/* Begin XCConfigurationList section */
		B10000000000000000000014 /* Build configuration list for PBXNativeTarget "AlphaTradeStatus" */ = {
			isa = XCConfigurationList;
			buildConfigurations = (
				B10000000000000000000017 /* Debug */,
				B10000000000000000000018 /* Release */,
			);
			defaultConfigurationIsVisible = 0;
			defaultConfigurationName = Release;
		};
		B10000000000000000000015 /* Build configuration list for PBXNativeTarget "AlphaTradeStatusTests" */ = {
			isa = XCConfigurationList;
			buildConfigurations = (
				B10000000000000000000019 /* Debug */,
				B1000000000000000000001A /* Release */,
			);
			defaultConfigurationIsVisible = 0;
			defaultConfigurationName = Release;
		};
		B10000000000000000000016 /* Build configuration list for PBXProject "AlphaTradeStatus" */ = {
			isa = XCConfigurationList;
			buildConfigurations = (
				B1000000000000000000001B /* Debug */,
				B1000000000000000000001C /* Release */,
			);
			defaultConfigurationIsVisible = 0;
			defaultConfigurationName = Release;
		};
		B20000000000000000000007 /* Build configuration list for PBXNativeTarget "AlphaTradeStatusUITests" */ = {
			isa = XCConfigurationList;
			buildConfigurations = (
				B20000000000000000000008 /* Debug */,
				B20000000000000000000009 /* Release */,
			);
			defaultConfigurationIsVisible = 0;
			defaultConfigurationName = Release;
		};
/* End XCConfigurationList section */
	};
	rootObject = B10000000000000000000013 /* Project object */;
}
